
Microsoft Visual Studio Solution File, Format Version 12.00
Project("{FAE04EC0-301F-11D3-BF4B-00C04F79EFBC}") = "NizamDesk.Tests", "NizamDesk.Tests\NizamDesk.Tests.csproj", "{354CFDE5-B06F-4095-860B-7D8513007271}"
EndProject
Project("{FAE04EC0-301F-11D3-BF4B-00C04F79EFBC}") = "NizamDesk.Entities", "NizamDesk.Entities\NizamDesk.Entities.csproj", "{CDED31D0-BDC1-44F4-B333-4ABECB8AFF43}"
EndProject
Project("{FAE04EC0-301F-11D3-BF4B-00C04F79EFBC}") = "NizamDesk.API", "NizamDesk.API\NizamDesk.API.csproj", "{427C7249-8754-448B-BE66-727B9E0861DB}"
EndProject
Global
	GlobalSection(SolutionConfigurationPlatforms) = preSolution
		Debug|Any CPU = Debug|Any CPU
		Release|Any CPU = Release|Any CPU
	EndGlobalSection
	GlobalSection(ProjectConfigurationPlatforms) = postSolution
		{354CFDE5-B06F-4095-860B-7D8513007271}.Debug|Any CPU.ActiveCfg = Debug|Any CPU
		{354CFDE5-B06F-4095-860B-7D8513007271}.Debug|Any CPU.Build.0 = Debug|Any CPU
		{354CFDE5-B06F-4095-860B-7D8513007271}.Release|Any CPU.ActiveCfg = Release|Any CPU
		{354CFDE5-B06F-4095-860B-7D8513007271}.Release|Any CPU.Build.0 = Release|Any CPU
		{CDED31D0-BDC1-44F4-B333-4ABECB8AFF43}.Debug|Any CPU.ActiveCfg = Debug|Any CPU
		{CDED31D0-BDC1-44F4-B333-4ABECB8AFF43}.Debug|Any CPU.Build.0 = Debug|Any CPU
		{CDED31D0-BDC1-44F4-B333-4ABECB8AFF43}.Release|Any CPU.ActiveCfg = Release|Any CPU
		{CDED31D0-BDC1-44F4-B333-4ABECB8AFF43}.Release|Any CPU.Build.0 = Release|Any CPU
		{427C7249-8754-448B-BE66-727B9E0861DB}.Debug|Any CPU.ActiveCfg = Debug|Any CPU
		{427C7249-8754-448B-BE66-727B9E0861DB}.Debug|Any CPU.Build.0 = Debug|Any CPU
		{427C7249-8754-448B-BE66-727B9E0861DB}.Release|Any CPU.ActiveCfg = Release|Any CPU
		{427C7249-8754-448B-BE66-727B9E0861DB}.Release|Any CPU.Build.0 = Release|Any CPU
	EndGlobalSection
EndGlobal
